
Microsoft Visual Studio Solution File, Format Version 12.00
# Visual Studio Version 17
VisualStudioVersion = 17.1.32328.378
MinimumVisualStudioVersion = 10.0.40219.1
Project("{FAE04EC0-301F-11D3-BF4B-00C04F79EFBC}") = "ChemicalLaboratory", "ChemicalLaboratory\ChemicalLaboratory.csproj", "{7286EB52-04ED-4ED6-A029-AB90E4EF202D}"
EndProject
Global
	GlobalSection(SolutionConfigurationPlatforms) = preSolution
		Debug|Any CPU = Debug|Any CPU
		Release|Any CPU = Release|Any CPU
	EndGlobalSection
	GlobalSection(ProjectConfigurationPlatforms) = postSolution
		{7286EB52-04ED-4ED6-A029-AB90E4EF202D}.Debug|Any CPU.ActiveCfg = Debug|Any CPU
		{7286EB52-04ED-4ED6-A029-AB90E4EF202D}.Debug|Any CPU.Build.0 = Debug|Any CPU
		{7286EB52-04ED-4ED6-A029-AB90E4EF202D}.Release|Any CPU.ActiveCfg = Release|Any CPU
		{7286EB52-04ED-4ED6-A029-AB90E4EF202D}.Release|Any CPU.Build.0 = Release|Any CPU
	EndGlobalSection
	GlobalSection(SolutionProperties) = preSolution
		HideSolutionNode = FALSE
	EndGlobalSection
	GlobalSection(ExtensibilityGlobals) = postSolution
		SolutionGuid = {D381DEC5-EDA4-43F3-A8FA-BE5DEA288E89}
	EndGlobalSection
EndGlobal
